// !$*UTF8*$!
{
	archiveVersion = 1;
	classes = {
	};
	objectVersion = 50;
	objects = {

/* Begin PBXBuildFile section */
		3DEC6E9025AD536000B2E8A4 /* install.sh in Resources */ = {isa = PBXBuildFile; fileRef = 3DEC6E8F25AD536000B2E8A4 /* install.sh */; };
		B264E24525AC8657006AF8FC /* AppDelegate.m in Sources */ = {isa = PBXBuildFile; fileRef = B264E24425AC8657006AF8FC /* AppDelegate.m */; };
		B264E24825AC8657006AF8FC /* SceneDelegate.m in Sources */ = {isa = PBXBuildFile; fileRef = B264E24725AC8657006AF8FC /* SceneDelegate.m */; };
		B264E24B25AC8657006AF8FC /* ViewController.m in Sources */ = {isa = PBXBuildFile; fileRef = B264E24A25AC8657006AF8FC /* ViewController.m */; };
		B264E24E25AC8657006AF8FC /* Main.storyboard in Resources */ = {isa = PBXBuildFile; fileRef = B264E24C25AC8657006AF8FC /* Main.storyboard */; };
		B264E25025AC865A006AF8FC /* Assets.xcassets in Resources */ = {isa = PBXBuildFile; fileRef = B264E24F25AC865A006AF8FC /* Assets.xcassets */; };
		B264E25325AC865A006AF8FC /* LaunchScreen.storyboard in Resources */ = {isa = PBXBuildFile; fileRef = B264E25125AC865A006AF8FC /* LaunchScreen.storyboard */; };
		B264E25625AC865A006AF8FC /* main.m in Sources */ = {isa = PBXBuildFile; fileRef = B264E25525AC865A006AF8FC /* main.m */; };
		B264E25E25AC86D3006AF8FC /* FirstTweakViewController.m in Sources */ = {isa = PBXBuildFile; fileRef = B264E25D25AC86D3006AF8FC /* FirstTweakViewController.m */; };
/* End PBXBuildFile section */

/* Begin PBXFileReference section */
		3DEC6E8F25AD536000B2E8A4 /* install.sh */ = {isa = PBXFileReference; fileEncoding = 4; lastKnownFileType = text.script.sh; name = install.sh; path = ../tool/install.sh; sourceTree = "<group>"; };
		B264E24025AC8657006AF8FC /* FirstTweakDemo.app */ = {isa = PBXFileReference; explicitFileType = wrapper.application; includeInIndex = 0; path = FirstTweakDemo.app; sourceTree = BUILT_PRODUCTS_DIR; };
		B264E24325AC8657006AF8FC /* AppDelegate.h */ = {isa = PBXFileReference; lastKnownFileType = sourcecode.c.h; path = AppDelegate.h; sourceTree = "<group>"; };
		B264E24425AC8657006AF8FC /* AppDelegate.m */ = {isa = PBXFileReference; lastKnownFileType = sourcecode.c.objc; path = AppDelegate.m; sourceTree = "<group>"; };
		B264E24625AC8657006AF8FC /* SceneDelegate.h */ = {isa = PBXFileReference; lastKnownFileType = sourcecode.c.h; path = SceneDelegate.h; sourceTree = "<group>"; };
		B264E24725AC8657006AF8FC /* SceneDelegate.m */ = {isa = PBXFileReference; lastKnownFileType = sourcecode.c.objc; path = SceneDelegate.m; sourceTree = "<group>"; };
		B264E24925AC8657006AF8FC /* ViewController.h */ = {isa = PBXFileReference; lastKnownFileType = sourcecode.c.h; path = ViewController.h; sourceTree = "<group>"; };
		B264E24A25AC8657006AF8FC /* ViewController.m */ = {isa = PBXFileReference; lastKnownFileType = sourcecode.c.objc; path = ViewController.m; sourceTree = "<group>"; };
		B264E24D25AC8657006AF8FC /* Base */ = {isa = PBXFileReference; lastKnownFileType = file.storyboard; name = Base; path = Base.lproj/Main.storyboard; sourceTree = "<group>"; };
		B264E24F25AC865A006AF8FC /* Assets.xcassets */ = {isa = PBXFileReference; lastKnownFileType = folder.assetcatalog; path = Assets.xcassets; sourceTree = "<group>"; };
		B264E25225AC865A006AF8FC /* Base */ = {isa = PBXFileReference; lastKnownFileType = file.storyboard; name = Base; path = Base.lproj/LaunchScreen.storyboard; sourceTree = "<group>"; };
		B264E25425AC865A006AF8FC /* Info.plist */ = {isa = PBXFileReference; lastKnownFileType = text.plist.xml; path = Info.plist; sourceTree = "<group>"; };
		B264E25525AC865A006AF8FC /* main.m */ = {isa = PBXFileReference; lastKnownFileType = sourcecode.c.objc; path = main.m; sourceTree = "<group>"; };
		B264E25C25AC86D3006AF8FC /* FirstTweakViewController.h */ = {isa = PBXFileReference; lastKnownFileType = sourcecode.c.h; path = FirstTweakViewController.h; sourceTree = "<group>"; };
		B264E25D25AC86D3006AF8FC /* FirstTweakViewController.m */ = {isa = PBXFileReference; lastKnownFileType = sourcecode.c.objc; path = FirstTweakViewController.m; sourceTree = "<group>"; };
/* End PBXFileReference section */

/* Begin PBXFrameworksBuildPhase section */
		B264E23D25AC8657006AF8FC /* Frameworks */ = {
			isa = PBXFrameworksBuildPhase;
			buildActionMask = 2147483647;
			files = (
			);
			runOnlyForDeploymentPostprocessing = 0;
		};
/* End PBXFrameworksBuildPhase section */

/* Begin PBXGroup section */
		B264E23725AC8657006AF8FC = {
			isa = PBXGroup;
			children = (
				3DEC6E8F25AD536000B2E8A4 /* install.sh */,
				B264E24225AC8657006AF8FC /* FirstTweakDemo */,
				B264E24125AC8657006AF8FC /* Products */,
			);
			sourceTree = "<group>";
		};
		B264E24125AC8657006AF8FC /* Products */ = {
			isa = PBXGroup;
			children = (
				B264E24025AC8657006AF8FC /* FirstTweakDemo.app */,
			);
			name = Products;
			sourceTree = "<group>";
		};
		B264E24225AC8657006AF8FC /* FirstTweakDemo */ = {
			isa = PBXGroup;
			children = (
				B264E24325AC8657006AF8FC /* AppDelegate.h */,
				B264E24425AC8657006AF8FC /* AppDelegate.m */,
				B264E24625AC8657006AF8FC /* SceneDelegate.h */,
				B264E24725AC8657006AF8FC /* SceneDelegate.m */,
				B264E24925AC8657006AF8FC /* ViewController.h */,
				B264E24A25AC8657006AF8FC /* ViewController.m */,
				B264E25C25AC86D3006AF8FC /* FirstTweakViewController.h */,
				B264E25D25AC86D3006AF8FC /* FirstTweakViewController.m */,
				B264E24C25AC8657006AF8FC /* Main.storyboard */,
				B264E24F25AC865A006AF8FC /* Assets.xcassets */,
				B264E25125AC865A006AF8FC /* LaunchScreen.storyboard */,
				B264E25425AC865A006AF8FC /* Info.plist */,
				B264E25525AC865A006AF8FC /* main.m */,
			);
			path = FirstTweakDemo;
			sourceTree = "<group>";
		};
/* End PBXGroup section */

/* Begin PBXNativeTarget section */
		B264E23F25AC8657006AF8FC /* FirstTweakDemo */ = {
			isa = PBXNativeTarget;
			buildConfigurationList = B264E25925AC865A006AF8FC /* Build configuration list for PBXNativeTarget "FirstTweakDemo" */;
			buildPhases = (
				B264E23C25AC8657006AF8FC /* Sources */,
				B264E23D25AC8657006AF8FC /* Frameworks */,
				B264E23E25AC8657006AF8FC /* Resources */,
				B264E25F25AC889A006AF8FC /* ShellScript */,
			);
			buildRules = (
			);
			dependencies = (
			);
			name = FirstTweakDemo;
			productName = FirstTweakDemo;
			productReference = B264E24025AC8657006AF8FC /* FirstTweakDemo.app */;
			productType = "com.apple.product-type.application";
		};
/* End PBXNativeTarget section */

/* Begin PBXProject section */
		B264E23825AC8657006AF8FC /* Project object */ = {
			isa = PBXProject;
			attributes = {
				LastUpgradeCheck = 1130;
				ORGANIZATIONNAME = Noah37;
				TargetAttributes = {
					B264E23F25AC8657006AF8FC = {
						CreatedOnToolsVersion = 11.3;
					};
				};
			};
			buildConfigurationList = B264E23B25AC8657006AF8FC /* Build configuration list for PBXProject "FirstTweakDemo" */;
			compatibilityVersion = "Xcode 9.3";
			developmentRegion = en;
			hasScannedForEncodings = 0;
			knownRegions = (
				en,
				Base,
			);
			mainGroup = B264E23725AC8657006AF8FC;
			productRefGroup = B264E24125AC8657006AF8FC /* Products */;
			projectDirPath = "";
			projectRoot = "";
			targets = (
				B264E23F25AC8657006AF8FC /* FirstTweakDemo */,
			);
		};
/* End PBXProject section */

/* Begin PBXResourcesBuildPhase section */
		B264E23E25AC8657006AF8FC /* Resources */ = {
			isa = PBXResourcesBuildPhase;
			buildActionMask = 2147483647;
			files = (
				B264E25325AC865A006AF8FC /* LaunchScreen.storyboard in Resources */,
				B264E25025AC865A006AF8FC /* Assets.xcassets in Resources */,
				3DEC6E9025AD536000B2E8A4 /* install.sh in Resources */,
				B264E24E25AC8657006AF8FC /* Main.storyboard in Resources */,
			);
			runOnlyForDeploymentPostprocessing = 0;
		};
/* End PBXResourcesBuildPhase section */

/* Begin PBXShellScriptBuildPhase section */
		B264E25F25AC889A006AF8FC /* ShellScript */ = {
			isa = PBXShellScriptBuildPhase;
			buildActionMask = 2147483647;
			files = (
			);
			inputFileListPaths = (
			);
			inputPaths = (
			);
			outputFileListPaths = (
			);
			outputPaths = (
			);
			runOnlyForDeploymentPostprocessing = 0;
			shellPath = /bin/sh;
			shellScript = "# Type a script or drag a script file from your workspace to insert its path.\n../tool/install.sh\n";
		};
/* End PBXShellScriptBuildPhase section */

/* Begin PBXSourcesBuildPhase section */
		B264E23C25AC8657006AF8FC /* Sources */ = {
			isa = PBXSourcesBuildPhase;
			buildActionMask = 2147483647;
			files = (
				B264E24B25AC8657006AF8FC /* ViewController.m in Sources */,
				B264E24525AC8657006AF8FC /* AppDelegate.m in Sources */,
				B264E25625AC865A006AF8FC /* main.m in Sources */,
				B264E24825AC8657006AF8FC /* SceneDelegate.m in Sources */,
				B264E25E25AC86D3006AF8FC /* FirstTweakViewController.m in Sources */,
			);
			runOnlyForDeploymentPostprocessing = 0;
		};
/* End PBXSourcesBuildPhase section */

/* Begin PBXVariantGroup section */
		B264E24C25AC8657006AF8FC /* Main.storyboard */ = {
			isa = PBXVariantGroup;
			children = (
				B264E24D25AC8657006AF8FC /* Base */,
			);
			name = Main.storyboard;
			sourceTree = "<group>";
		};
		B264E25125AC865A006AF8FC /* LaunchScreen.storyboard */ = {
			isa = PBXVariantGroup;
			children = (
				B264E25225AC865A006AF8FC /* Base */,
			);
			name = LaunchScreen.storyboard;
			sourceTree = "<group>";
		};
/* End PBXVariantGroup section */

/* Begin XCBuildConfiguration section */
		B264E25725AC865A006AF8FC /* Debug */ = {
			isa = XCBuildConfiguration;
			buildSettings = {
				ALWAYS_SEARCH_USER_PATHS = NO;
				CLANG_ANALYZER_NONNULL = YES;
				CLANG_ANALYZER_NUMBER_OBJECT_CONVERSION = YES_AGGRESSIVE;
				CLANG_CXX_LANGUAGE_STANDARD = "gnu++14";
				CLANG_CXX_LIBRARY = "libc++";
				CLANG_ENABLE_MODULES = YES;
				CLANG_ENABLE_OBJC_ARC = YES;
				CLANG_ENABLE_OBJC_WEAK = YES;
				CLANG_WARN_BLOCK_CAPTURE_AUTORELEASING = YES;
				CLANG_WARN_BOOL_CONVERSION = YES;
				CLANG_WARN_COMMA = YES;
				CLANG_WARN_CONSTANT_CONVERSION = YES;
				CLANG_WARN_DEPRECATED_OBJC_IMPLEMENTATIONS = YES;
				CLANG_WARN_DIRECT_OBJC_ISA_USAGE = YES_ERROR;
				CLANG_WARN_DOCUMENTATION_COMMENTS = YES;
				CLANG_WARN_EMPTY_BODY = YES;
				CLANG_WARN_ENUM_CONVERSION = YES;
				CLANG_WARN_INFINITE_RECURSION = YES;
				CLANG_WARN_INT_CONVERSION = YES;
				CLANG_WARN_NON_LITERAL_NULL_CONVERSION = YES;
				CLANG_WARN_OBJC_IMPLICIT_RETAIN_SELF = YES;
				CLANG_WARN_OBJC_LITERAL_CONVERSION = YES;
				CLANG_WARN_OBJC_ROOT_CLASS = YES_ERROR;
				CLANG_WARN_RANGE_LOOP_ANALYSIS = YES;
				CLANG_WARN_STRICT_PROTOTYPES = YES;
				CLANG_WARN_SUSPICIOUS_MOVE = YES;
				CLANG_WARN_UNGUARDED_AVAILABILITY = YES_AGGRESSIVE;
				CLANG_WARN_UNREACHABLE_CODE = YES;
				CLANG_WARN__DUPLICATE_METHOD_MATCH = YES;
				COPY_PHASE_STRIP = NO;
				DEBUG_INFORMATION_FORMAT = dwarf;
				ENABLE_STRICT_OBJC_MSGSEND = YES;
				ENABLE_TESTABILITY = YES;
				GCC_C_LANGUAGE_STANDARD = gnu11;
				GCC_DYNAMIC_NO_PIC = NO;
				GCC_NO_COMMON_BLOCKS = YES;
				GCC_OPTIMIZATION_LEVEL = 0;
				GCC_PREPROCESSOR_DEFINITIONS = (
					"DEBUG=1",
					"$(inherited)",
				);
				GCC_WARN_64_TO_32_BIT_CONVERSION = YES;
				GCC_WARN_ABOUT_RETURN_TYPE = YES_ERROR;
				GCC_WARN_UNDECLARED_SELECTOR = YES;
				GCC_WARN_UNINITIALIZED_AUTOS = YES_AGGRESSIVE;
				GCC_WARN_UNUSED_FUNCTION = YES;
				GCC_WARN_UNUSED_VARIABLE = YES;
				IPHONEOS_DEPLOYMENT_TARGET = 9.0;
				MTL_ENABLE_DEBUG_INFO = INCLUDE_SOURCE;
				MTL_FAST_MATH = YES;
				ONLY_ACTIVE_ARCH = YES;
				SDKROOT = iphoneos;
			};
			name = Debug;
		};
		B264E25825AC865A006AF8FC /* Release */ = {
			isa = XCBuildConfiguration;
			buildSettings = {
				ALWAYS_SEARCH_USER_PATHS = NO;
				CLANG_ANALYZER_NONNULL = YES;
				CLANG_ANALYZER_NUMBER_OBJECT_CONVERSION = YES_AGGRESSIVE;
				CLANG_CXX_LANGUAGE_STANDARD = "gnu++14";
				CLANG_CXX_LIBRARY = "libc++";
				CLANG_ENABLE_MODULES = YES;
				CLANG_ENABLE_OBJC_ARC = YES;
				CLANG_ENABLE_OBJC_WEAK = YES;
				CLANG_WARN_BLOCK_CAPTURE_AUTORELEASING = YES;
				CLANG_WARN_BOOL_CONVERSION = YES;
				CLANG_WARN_COMMA = YES;
				CLANG_WARN_CONSTANT_CONVERSION = YES;
				CLANG_WARN_DEPRECATED_OBJC_IMPLEMENTATIONS = YES;
				CLANG_WARN_DIRECT_OBJC_ISA_USAGE = YES_ERROR;
				CLANG_WARN_DOCUMENTATION_COMMENTS = YES;
				CLANG_WARN_EMPTY_BODY = YES;
				CLANG_WARN_ENUM_CONVERSION = YES;
				CLANG_WARN_INFINITE_RECURSION = YES;
				CLANG_WARN_INT_CONVERSION = YES;
				CLANG_WARN_NON_LITERAL_NULL_CONVERSION = YES;
				CLANG_WARN_OBJC_IMPLICIT_RETAIN_SELF = YES;
				CLANG_WARN_OBJC_LITERAL_CONVERSION = YES;
				CLANG_WARN_OBJC_ROOT_CLASS = YES_ERROR;
				CLANG_WARN_RANGE_LOOP_ANALYSIS = YES;
				CLANG_WARN_STRICT_PROTOTYPES = YES;
				CLANG_WARN_SUSPICIOUS_MOVE = YES;
				CLANG_WARN_UNGUARDED_AVAILABILITY = YES_AGGRESSIVE;
				CLANG_WARN_UNREACHABLE_CODE = YES;
				CLANG_WARN__DUPLICATE_METHOD_MATCH = YES;
				COPY_PHASE_STRIP = NO;
				DEBUG_INFORMATION_FORMAT = "dwarf-with-dsym";
				ENABLE_NS_ASSERTIONS = NO;
				ENABLE_STRICT_OBJC_MSGSEND = YES;
				GCC_C_LANGUAGE_STANDARD = gnu11;
				GCC_NO_COMMON_BLOCKS = YES;
				GCC_WARN_64_TO_32_BIT_CONVERSION = YES;
				GCC_WARN_ABOUT_RETURN_TYPE = YES_ERROR;
				GCC_WARN_UNDECLARED_SELECTOR = YES;
				GCC_WARN_UNINITIALIZED_AUTOS = YES_AGGRESSIVE;
				GCC_WARN_UNUSED_FUNCTION = YES;
				GCC_WARN_UNUSED_VARIABLE = YES;
				IPHONEOS_DEPLOYMENT_TARGET = 9.0;
				MTL_ENABLE_DEBUG_INFO = NO;
				MTL_FAST_MATH = YES;
				SDKROOT = iphoneos;
				VALIDATE_PRODUCT = YES;
			};
			name = Release;
		};
		B264E25A25AC865A006AF8FC /* Debug */ = {
			isa = XCBuildConfiguration;
			buildSettings = {
				ASSETCATALOG_COMPILER_APPICON_NAME = AppIcon;
				CODE_SIGN_STYLE = Automatic;
				DEVELOPMENT_TEAM = L94HEL9RUT;
				INFOPLIST_FILE = FirstTweakDemo/Info.plist;
				LD_RUNPATH_SEARCH_PATHS = (
					"$(inherited)",
					"@executable_path/Frameworks",
				);
				PRODUCT_BUNDLE_IDENTIFIER = NH.FirstTweakDemo;
				PRODUCT_NAME = "$(TARGET_NAME)";
				TARGETED_DEVICE_FAMILY = "1,2";
			};
			name = Debug;
		};
		B264E25B25AC865A006AF8FC /* Release */ = {
			isa = XCBuildConfiguration;
			buildSettings = {
				ASSETCATALOG_COMPILER_APPICON_NAME = AppIcon;
				CODE_SIGN_STYLE = Automatic;
				DEVELOPMENT_TEAM = L94HEL9RUT;
				INFOPLIST_FILE = FirstTweakDemo/Info.plist;
				LD_RUNPATH_SEARCH_PATHS = (
					"$(inherited)",
					"@executable_path/Frameworks",
				);
				PRODUCT_BUNDLE_IDENTIFIER = NH.FirstTweakDemo;
				PRODUCT_NAME = "$(TARGET_NAME)";
				TARGETED_DEVICE_FAMILY = "1,2";
			};
			name = Release;
		};
/* End XCBuildConfiguration section */

/* Begin XCConfigurationList section */
		B264E23B25AC8657006AF8FC /* Build configuration list for PBXProject "FirstTweakDemo" */ = {
			isa = XCConfigurationList;
			buildConfigurations = (
				B264E25725AC865A006AF8FC /* Debug */,
				B264E25825AC865A006AF8FC /* Release */,
			);
			defaultConfigurationIsVisible = 0;
			defaultConfigurationName = Release;
		};
		B264E25925AC865A006AF8FC /* Build configuration list for PBXNativeTarget "FirstTweakDemo" */ = {
			isa = XCConfigurationList;
			buildConfigurations = (
				B264E25A25AC865A006AF8FC /* Debug */,
				B264E25B25AC865A006AF8FC /* Release */,
			);
			defaultConfigurationIsVisible = 0;
			defaultConfigurationName = Release;
		};
/* End XCConfigurationList section */
	};
	rootObject = B264E23825AC8657006AF8FC /* Project object */;
}
